// !$*UTF8*$!
{
	archiveVersion = 1;
	classes = {
	};
	objectVersion = 48;
	objects = {

/* Begin PBXBuildFile section */
		3D7CB05667940650CC2762B6 /* Pods_ReFood.framework in Frameworks */ = {isa = PBXBuildFile; fileRef = 6B4237F20D6394A53904B9A3 /* Pods_ReFood.framework */; };
		D98506A8204A822000E829F4 /* AppDelegate.swift in Sources */ = {isa = PBXBuildFile; fileRef = D98506A7204A822000E829F4 /* AppDelegate.swift */; };
		D98506AD204A822000E829F4 /* Main.storyboard in Resources */ = {isa = PBXBuildFile; fileRef = D98506AB204A822000E829F4 /* Main.storyboard */; };
		D98506B0204A822000E829F4 /* ReFood.xcdatamodeld in Sources */ = {isa = PBXBuildFile; fileRef = D98506AE204A822000E829F4 /* ReFood.xcdatamodeld */; };
		D98506B2204A822000E829F4 /* Assets.xcassets in Resources */ = {isa = PBXBuildFile; fileRef = D98506B1204A822000E829F4 /* Assets.xcassets */; };
		D98506B5204A822000E829F4 /* LaunchScreen.storyboard in Resources */ = {isa = PBXBuildFile; fileRef = D98506B3204A822000E829F4 /* LaunchScreen.storyboard */; };
		D98506BF204A8D6000E829F4 /* SecondViewController.swift in Sources */ = {isa = PBXBuildFile; fileRef = D98506BD204A8D6000E829F4 /* SecondViewController.swift */; };
		D98506C4204A8D6E00E829F4 /* FoodModel.swift in Sources */ = {isa = PBXBuildFile; fileRef = D98506C1204A8D6E00E829F4 /* FoodModel.swift */; };
		D98506C5204A8D6E00E829F4 /* ThirdViewController.swift in Sources */ = {isa = PBXBuildFile; fileRef = D98506C2204A8D6E00E829F4 /* ThirdViewController.swift */; };
		D98506C6204A8D6E00E829F4 /* ViewController.swift in Sources */ = {isa = PBXBuildFile; fileRef = D98506C3204A8D6E00E829F4 /* ViewController.swift */; };
		D9A1DF47204FDDDA0026275D /* ResultViewController.swift in Sources */ = {isa = PBXBuildFile; fileRef = D9A1DF46204FDDDA0026275D /* ResultViewController.swift */; };
		D9F2F07E20675B0C007DA6FE /* TmonMonsori.ttf in Resources */ = {isa = PBXBuildFile; fileRef = D9F2F07D20675B0C007DA6FE /* TmonMonsori.ttf */; };
/* End PBXBuildFile section */

/* Begin PBXFileReference section */
		657C0807E497EF4499440153 /* Pods-ReFood.release.xcconfig */ = {isa = PBXFileReference; includeInIndex = 1; lastKnownFileType = text.xcconfig; name = "Pods-ReFood.release.xcconfig"; path = "Pods/Target Support Files/Pods-ReFood/Pods-ReFood.release.xcconfig"; sourceTree = "<group>"; };
		6B4237F20D6394A53904B9A3 /* Pods_ReFood.framework */ = {isa = PBXFileReference; explicitFileType = wrapper.framework; includeInIndex = 0; path = Pods_ReFood.framework; sourceTree = BUILT_PRODUCTS_DIR; };
		D92EB64220F9AC560000E42C /* g_Medium.ttf */ = {isa = PBXFileReference; lastKnownFileType = file; path = g_Medium.ttf; sourceTree = "<group>"; };
		D92EB64320F9AC580000E42C /* gV_Bold.ttf */ = {isa = PBXFileReference; lastKnownFileType = file; path = gV_Bold.ttf; sourceTree = "<group>"; };
		D92EB64420F9AC590000E42C /* g_Bold.ttf */ = {isa = PBXFileReference; lastKnownFileType = file; path = g_Bold.ttf; sourceTree = "<group>"; };
		D92EB64520F9AC5A0000E42C /* g_Light.ttf */ = {isa = PBXFileReference; lastKnownFileType = file; path = g_Light.ttf; sourceTree = "<group>"; };
		D98506A4204A822000E829F4 /* ReFood.app */ = {isa = PBXFileReference; explicitFileType = wrapper.application; includeInIndex = 0; path = ReFood.app; sourceTree = BUILT_PRODUCTS_DIR; };
		D98506A7204A822000E829F4 /* AppDelegate.swift */ = {isa = PBXFileReference; lastKnownFileType = sourcecode.swift; path = AppDelegate.swift; sourceTree = "<group>"; };
		D98506AC204A822000E829F4 /* Base */ = {isa = PBXFileReference; lastKnownFileType = file.storyboard; name = Base; path = Base.lproj/Main.storyboard; sourceTree = "<group>"; };
		D98506AF204A822000E829F4 /* ReFood.xcdatamodel */ = {isa = PBXFileReference; lastKnownFileType = wrapper.xcdatamodel; path = ReFood.xcdatamodel; sourceTree = "<group>"; };
		D98506B1204A822000E829F4 /* Assets.xcassets */ = {isa = PBXFileReference; lastKnownFileType = folder.assetcatalog; path = Assets.xcassets; sourceTree = "<group>"; };
		D98506B4204A822000E829F4 /* Base */ = {isa = PBXFileReference; lastKnownFileType = file.storyboard; name = Base; path = Base.lproj/LaunchScreen.storyboard; sourceTree = "<group>"; };
		D98506B6204A822000E829F4 /* Info.plist */ = {isa = PBXFileReference; lastKnownFileType = text.plist.xml; path = Info.plist; sourceTree = "<group>"; };
		D98506BD204A8D6000E829F4 /* SecondViewController.swift */ = {isa = PBXFileReference; fileEncoding = 4; lastKnownFileType = sourcecode.swift; path = SecondViewController.swift; sourceTree = "<group>"; };
		D98506C1204A8D6E00E829F4 /* FoodModel.swift */ = {isa = PBXFileReference; fileEncoding = 4; lastKnownFileType = sourcecode.swift; path = FoodModel.swift; sourceTree = "<group>"; };
		D98506C2204A8D6E00E829F4 /* ThirdViewController.swift */ = {isa = PBXFileReference; fileEncoding = 4; lastKnownFileType = sourcecode.swift; path = ThirdViewController.swift; sourceTree = "<group>"; };
		D98506C3204A8D6E00E829F4 /* ViewController.swift */ = {isa = PBXFileReference; fileEncoding = 4; lastKnownFileType = sourcecode.swift; path = ViewController.swift; sourceTree = "<group>"; };
		D98506D1204D493C00E829F4 /* NMapViewerSDK.framework */ = {isa = PBXFileReference; lastKnownFileType = wrapper.framework; name = NMapViewerSDK.framework; path = ../../maps/Frameworks/NMapViewerSDK.framework; sourceTree = "<group>"; };
		D9A1DF46204FDDDA0026275D /* ResultViewController.swift */ = {isa = PBXFileReference; lastKnownFileType = sourcecode.swift; path = ResultViewController.swift; sourceTree = "<group>"; };
		D9F2F07D20675B0C007DA6FE /* TmonMonsori.ttf */ = {isa = PBXFileReference; lastKnownFileType = file; path = TmonMonsori.ttf; sourceTree = "<group>"; };
		F7B5C4690C9F9D3983CBAABD /* Pods-ReFood.debug.xcconfig */ = {isa = PBXFileReference; includeInIndex = 1; lastKnownFileType = text.xcconfig; name = "Pods-ReFood.debug.xcconfig"; path = "Pods/Target Support Files/Pods-ReFood/Pods-ReFood.debug.xcconfig"; sourceTree = "<group>"; };
/* End PBXFileReference section */

/* Begin PBXFrameworksBuildPhase section */
		D98506A1204A822000E829F4 /* Frameworks */ = {
			isa = PBXFrameworksBuildPhase;
			buildActionMask = 2147483647;
			files = (
				3D7CB05667940650CC2762B6 /* Pods_ReFood.framework in Frameworks */,
			);
			runOnlyForDeploymentPostprocessing = 0;
		};
/* End PBXFrameworksBuildPhase section */

/* Begin PBXGroup section */
		5280F697BEDFD0DBE96EB33F /* Frameworks */ = {
			isa = PBXGroup;
			children = (
				D98506D1204D493C00E829F4 /* NMapViewerSDK.framework */,
				6B4237F20D6394A53904B9A3 /* Pods_ReFood.framework */,
			);
			name = Frameworks;
			sourceTree = "<group>";
		};
		D985069B204A822000E829F4 = {
			isa = PBXGroup;
			children = (
				D98506A6204A822000E829F4 /* ReFood */,
				D98506A5204A822000E829F4 /* Products */,
				F108C8984D723F5130A7DAA3 /* Pods */,
				5280F697BEDFD0DBE96EB33F /* Frameworks */,
			);
			sourceTree = "<group>";
		};
		D98506A5204A822000E829F4 /* Products */ = {
			isa = PBXGroup;
			children = (
				D98506A4204A822000E829F4 /* ReFood.app */,
			);
			name = Products;
			sourceTree = "<group>";
		};
		D98506A6204A822000E829F4 /* ReFood */ = {
			isa = PBXGroup;
			children = (
				D92EB64420F9AC590000E42C /* g_Bold.ttf */,
				D92EB64520F9AC5A0000E42C /* g_Light.ttf */,
				D92EB64220F9AC560000E42C /* g_Medium.ttf */,
				D92EB64320F9AC580000E42C /* gV_Bold.ttf */,
				D9F2F07D20675B0C007DA6FE /* TmonMonsori.ttf */,
				D98506A7204A822000E829F4 /* AppDelegate.swift */,
				D98506AB204A822000E829F4 /* Main.storyboard */,
				D98506B1204A822000E829F4 /* Assets.xcassets */,
				D98506B3204A822000E829F4 /* LaunchScreen.storyboard */,
				D98506B6204A822000E829F4 /* Info.plist */,
				D98506AE204A822000E829F4 /* ReFood.xcdatamodeld */,
				D98506C3204A8D6E00E829F4 /* ViewController.swift */,
				D98506BD204A8D6000E829F4 /* SecondViewController.swift */,
				D98506C2204A8D6E00E829F4 /* ThirdViewController.swift */,
				D98506C1204A8D6E00E829F4 /* FoodModel.swift */,
				D9A1DF46204FDDDA0026275D /* ResultViewController.swift */,
			);
			path = ReFood;
			sourceTree = "<group>";
		};
		F108C8984D723F5130A7DAA3 /* Pods */ = {
			isa = PBXGroup;
			children = (
				F7B5C4690C9F9D3983CBAABD /* Pods-ReFood.debug.xcconfig */,
				657C0807E497EF4499440153 /* Pods-ReFood.release.xcconfig */,
			);
			name = Pods;
			sourceTree = "<group>";
		};
/* End PBXGroup section */

/* Begin PBXNativeTarget section */
		D98506A3204A822000E829F4 /* ReFood */ = {
			isa = PBXNativeTarget;
			buildConfigurationList = D98506B9204A822000E829F4 /* Build configuration list for PBXNativeTarget "ReFood" */;
			buildPhases = (
				DF5A083D270021B5F9D0588B /* [CP] Check Pods Manifest.lock */,
				D98506A0204A822000E829F4 /* Sources */,
				D98506A1204A822000E829F4 /* Frameworks */,
				D98506A2204A822000E829F4 /* Resources */,
				15E41D770F26BCE9810EA4AA /* [CP] Embed Pods Frameworks */,
				D06502E8B426DADD9193C5D3 /* [CP] Copy Pods Resources */,
			);
			buildRules = (
			);
			dependencies = (
			);
			name = ReFood;
			productName = ReFood;
			productReference = D98506A4204A822000E829F4 /* ReFood.app */;
			productType = "com.apple.product-type.application";
		};
/* End PBXNativeTarget section */

/* Begin PBXProject section */
		D985069C204A822000E829F4 /* Project object */ = {
			isa = PBXProject;
			attributes = {
				LastSwiftUpdateCheck = 0920;
				LastUpgradeCheck = 0930;
				ORGANIZATIONNAME = "Studio Nuki";
				TargetAttributes = {
					D98506A3204A822000E829F4 = {
						CreatedOnToolsVersion = 9.2;
						ProvisioningStyle = Automatic;
					};
				};
			};
			buildConfigurationList = D985069F204A822000E829F4 /* Build configuration list for PBXProject "ReFood" */;
			compatibilityVersion = "Xcode 8.0";
			developmentRegion = en;
			hasScannedForEncodings = 0;
			knownRegions = (
				en,
				Base,
			);
			mainGroup = D985069B204A822000E829F4;
			productRefGroup = D98506A5204A822000E829F4 /* Products */;
			projectDirPath = "";
			projectRoot = "";
			targets = (
				D98506A3204A822000E829F4 /* ReFood */,
			);
		};
/* End PBXProject section */

/* Begin PBXResourcesBuildPhase section */
		D98506A2204A822000E829F4 /* Resources */ = {
			isa = PBXResourcesBuildPhase;
			buildActionMask = 2147483647;
			files = (
				D98506B5204A822000E829F4 /* LaunchScreen.storyboard in Resources */,
				D98506B2204A822000E829F4 /* Assets.xcassets in Resources */,
				D9F2F07E20675B0C007DA6FE /* TmonMonsori.ttf in Resources */,
				D98506AD204A822000E829F4 /* Main.storyboard in Resources */,
			);
			runOnlyForDeploymentPostprocessing = 0;
		};
/* End PBXResourcesBuildPhase section */

/* Begin PBXShellScriptBuildPhase section */
		15E41D770F26BCE9810EA4AA /* [CP] Embed Pods Frameworks */ = {
			isa = PBXShellScriptBuildPhase;
			buildActionMask = 2147483647;
			files = (
			);
			inputPaths = (
				"${SRCROOT}/Pods/Target Support Files/Pods-ReFood/Pods-ReFood-frameworks.sh",
				"${BUILT_PRODUCTS_DIR}/Alamofire/Alamofire.framework",
				"${BUILT_PRODUCTS_DIR}/SwiftyJSON/SwiftyJSON.framework",
			);
			name = "[CP] Embed Pods Frameworks";
			outputPaths = (
				"${TARGET_BUILD_DIR}/${FRAMEWORKS_FOLDER_PATH}/Alamofire.framework",
				"${TARGET_BUILD_DIR}/${FRAMEWORKS_FOLDER_PATH}/SwiftyJSON.framework",
			);
			runOnlyForDeploymentPostprocessing = 0;
			shellPath = /bin/sh;
			shellScript = "\"${SRCROOT}/Pods/Target Support Files/Pods-ReFood/Pods-ReFood-frameworks.sh\"\n";
			showEnvVarsInLog = 0;
		};
		D06502E8B426DADD9193C5D3 /* [CP] Copy Pods Resources */ = {
			isa = PBXShellScriptBuildPhase;
			buildActionMask = 2147483647;
			files = (
			);
			inputPaths = (
				"${SRCROOT}/Pods/Target Support Files/Pods-ReFood/Pods-ReFood-resources.sh",
				"${PODS_ROOT}/GoogleMaps/Maps/Frameworks/GoogleMaps.framework/Resources/GoogleMaps.bundle",
				"${PODS_ROOT}/GooglePlacePicker/Frameworks/GooglePlacePicker.framework/Resources/GooglePlacePicker.bundle",
				"${PODS_ROOT}/GooglePlaces/Frameworks/GooglePlaces.framework/Resources/GooglePlaces.bundle",
			);
			name = "[CP] Copy Pods Resources";
			outputPaths = (
				"${TARGET_BUILD_DIR}/${UNLOCALIZED_RESOURCES_FOLDER_PATH}/GoogleMaps.bundle",
				"${TARGET_BUILD_DIR}/${UNLOCALIZED_RESOURCES_FOLDER_PATH}/GooglePlacePicker.bundle",
				"${TARGET_BUILD_DIR}/${UNLOCALIZED_RESOURCES_FOLDER_PATH}/GooglePlaces.bundle",
			);
			runOnlyForDeploymentPostprocessing = 0;
			shellPath = /bin/sh;
			shellScript = "\"${SRCROOT}/Pods/Target Support Files/Pods-ReFood/Pods-ReFood-resources.sh\"\n";
			showEnvVarsInLog = 0;
		};
		DF5A083D270021B5F9D0588B /* [CP] Check Pods Manifest.lock */ = {
			isa = PBXShellScriptBuildPhase;
			buildActionMask = 2147483647;
			files = (
			);
			inputPaths = (
				"${PODS_PODFILE_DIR_PATH}/Podfile.lock",
				"${PODS_ROOT}/Manifest.lock",
			);
			name = "[CP] Check Pods Manifest.lock";
			outputPaths = (
				"$(DERIVED_FILE_DIR)/Pods-ReFood-checkManifestLockResult.txt",
			);
			runOnlyForDeploymentPostprocessing = 0;
			shellPath = /bin/sh;
			shellScript = "diff \"${PODS_PODFILE_DIR_PATH}/Podfile.lock\" \"${PODS_ROOT}/Manifest.lock\" > /dev/null\nif [ $? != 0 ] ; then\n    # print error to STDERR\n    echo \"error: The sandbox is not in sync with the Podfile.lock. Run 'pod install' or update your CocoaPods installation.\" >&2\n    exit 1\nfi\n# This output is used by Xcode 'outputs' to avoid re-running this script phase.\necho \"SUCCESS\" > \"${SCRIPT_OUTPUT_FILE_0}\"\n";
			showEnvVarsInLog = 0;
		};
/* End PBXShellScriptBuildPhase section */

/* Begin PBXSourcesBuildPhase section */
		D98506A0204A822000E829F4 /* Sources */ = {
			isa = PBXSourcesBuildPhase;
			buildActionMask = 2147483647;
			files = (
				D98506C4204A8D6E00E829F4 /* FoodModel.swift in Sources */,
				D98506BF204A8D6000E829F4 /* SecondViewController.swift in Sources */,
				D9A1DF47204FDDDA0026275D /* ResultViewController.swift in Sources */,
				D98506B0204A822000E829F4 /* ReFood.xcdatamodeld in Sources */,
				D98506A8204A822000E829F4 /* AppDelegate.swift in Sources */,
				D98506C6204A8D6E00E829F4 /* ViewController.swift in Sources */,
				D98506C5204A8D6E00E829F4 /* ThirdViewController.swift in Sources */,
			);
			runOnlyForDeploymentPostprocessing = 0;
		};
/* End PBXSourcesBuildPhase section */

/* Begin PBXVariantGroup section */
		D98506AB204A822000E829F4 /* Main.storyboard */ = {
			isa = PBXVariantGroup;
			children = (
				D98506AC204A822000E829F4 /* Base */,
			);
			name = Main.storyboard;
			sourceTree = "<group>";
		};
		D98506B3204A822000E829F4 /* LaunchScreen.storyboard */ = {
			isa = PBXVariantGroup;
			children = (
				D98506B4204A822000E829F4 /* Base */,
			);
			name = LaunchScreen.storyboard;
			sourceTree = "<group>";
		};
/* End PBXVariantGroup section */

/* Begin XCBuildConfiguration section */
		D98506B7204A822000E829F4 /* Debug */ = {
			isa = XCBuildConfiguration;
			buildSettings = {
				ALWAYS_SEARCH_USER_PATHS = NO;
				CLANG_ANALYZER_NONNULL = YES;
				CLANG_ANALYZER_NUMBER_OBJECT_CONVERSION = YES_AGGRESSIVE;
				CLANG_CXX_LANGUAGE_STANDARD = "gnu++14";
				CLANG_CXX_LIBRARY = "libc++";
				CLANG_ENABLE_MODULES = YES;
				CLANG_ENABLE_OBJC_ARC = YES;
				CLANG_WARN_BLOCK_CAPTURE_AUTORELEASING = YES;
				CLANG_WARN_BOOL_CONVERSION = YES;
				CLANG_WARN_COMMA = YES;
				CLANG_WARN_CONSTANT_CONVERSION = YES;
				CLANG_WARN_DEPRECATED_OBJC_IMPLEMENTATIONS = YES;
				CLANG_WARN_DIRECT_OBJC_ISA_USAGE = YES_ERROR;
				CLANG_WARN_DOCUMENTATION_COMMENTS = YES;
				CLANG_WARN_EMPTY_BODY = YES;
				CLANG_WARN_ENUM_CONVERSION = YES;
				CLANG_WARN_INFINITE_RECURSION = YES;
				CLANG_WARN_INT_CONVERSION = YES;
				CLANG_WARN_NON_LITERAL_NULL_CONVERSION = YES;
				CLANG_WARN_OBJC_IMPLICIT_RETAIN_SELF = YES;
				CLANG_WARN_OBJC_LITERAL_CONVERSION = YES;
				CLANG_WARN_OBJC_ROOT_CLASS = YES_ERROR;
				CLANG_WARN_RANGE_LOOP_ANALYSIS = YES;
				CLANG_WARN_STRICT_PROTOTYPES = YES;
				CLANG_WARN_SUSPICIOUS_MOVE = YES;
				CLANG_WARN_UNGUARDED_AVAILABILITY = YES_AGGRESSIVE;
				CLANG_WARN_UNREACHABLE_CODE = YES;
				CLANG_WARN__DUPLICATE_METHOD_MATCH = YES;
				CODE_SIGN_IDENTITY = "iPhone Developer";
				COPY_PHASE_STRIP = NO;
				DEBUG_INFORMATION_FORMAT = dwarf;
				ENABLE_STRICT_OBJC_MSGSEND = YES;
				ENABLE_TESTABILITY = YES;
				GCC_C_LANGUAGE_STANDARD = gnu11;
				GCC_DYNAMIC_NO_PIC = NO;
				GCC_NO_COMMON_BLOCKS = YES;
				GCC_OPTIMIZATION_LEVEL = 0;
				GCC_PREPROCESSOR_DEFINITIONS = (
					"DEBUG=1",
					"$(inherited)",
				);
				GCC_WARN_64_TO_32_BIT_CONVERSION = YES;
				GCC_WARN_ABOUT_RETURN_TYPE = YES_ERROR;
				GCC_WARN_UNDECLARED_SELECTOR = YES;
				GCC_WARN_UNINITIALIZED_AUTOS = YES_AGGRESSIVE;
				GCC_WARN_UNUSED_FUNCTION = YES;
				GCC_WARN_UNUSED_VARIABLE = YES;
				IPHONEOS_DEPLOYMENT_TARGET = 11.2;
				MTL_ENABLE_DEBUG_INFO = YES;
				ONLY_ACTIVE_ARCH = YES;
				SDKROOT = iphoneos;
				SWIFT_ACTIVE_COMPILATION_CONDITIONS = DEBUG;
				SWIFT_OPTIMIZATION_LEVEL = "-Onone";
			};
			name = Debug;
		};
		D98506B8204A822000E829F4 /* Release */ = {
			isa = XCBuildConfiguration;
			buildSettings = {
				ALWAYS_SEARCH_USER_PATHS = NO;
				CLANG_ANALYZER_NONNULL = YES;
				CLANG_ANALYZER_NUMBER_OBJECT_CONVERSION = YES_AGGRESSIVE;
				CLANG_CXX_LANGUAGE_STANDARD = "gnu++14";
				CLANG_CXX_LIBRARY = "libc++";
				CLANG_ENABLE_MODULES = YES;
				CLANG_ENABLE_OBJC_ARC = YES;
				CLANG_WARN_BLOCK_CAPTURE_AUTORELEASING = YES;
				CLANG_WARN_BOOL_CONVERSION = YES;
				CLANG_WARN_COMMA = YES;
				CLANG_WARN_CONSTANT_CONVERSION = YES;
				CLANG_WARN_DEPRECATED_OBJC_IMPLEMENTATIONS = YES;
				CLANG_WARN_DIRECT_OBJC_ISA_USAGE = YES_ERROR;
				CLANG_WARN_DOCUMENTATION_COMMENTS = YES;
				CLANG_WARN_EMPTY_BODY = YES;
				CLANG_WARN_ENUM_CONVERSION = YES;
				CLANG_WARN_INFINITE_RECURSION = YES;
				CLANG_WARN_INT_CONVERSION = YES;
				CLANG_WARN_NON_LITERAL_NULL_CONVERSION = YES;
				CLANG_WARN_OBJC_IMPLICIT_RETAIN_SELF = YES;
				CLANG_WARN_OBJC_LITERAL_CONVERSION = YES;
				CLANG_WARN_OBJC_ROOT_CLASS = YES_ERROR;
				CLANG_WARN_RANGE_LOOP_ANALYSIS = YES;
				CLANG_WARN_STRICT_PROTOTYPES = YES;
				CLANG_WARN_SUSPICIOUS_MOVE = YES;
				CLANG_WARN_UNGUARDED_AVAILABILITY = YES_AGGRESSIVE;
				CLANG_WARN_UNREACHABLE_CODE = YES;
				CLANG_WARN__DUPLICATE_METHOD_MATCH = YES;
				CODE_SIGN_IDENTITY = "iPhone Developer";
				COPY_PHASE_STRIP = NO;
				DEBUG_INFORMATION_FORMAT = "dwarf-with-dsym";
				ENABLE_NS_ASSERTIONS = NO;
				ENABLE_STRICT_OBJC_MSGSEND = YES;
				GCC_C_LANGUAGE_STANDARD = gnu11;
				GCC_NO_COMMON_BLOCKS = YES;
				GCC_WARN_64_TO_32_BIT_CONVERSION = YES;
				GCC_WARN_ABOUT_RETURN_TYPE = YES_ERROR;
				GCC_WARN_UNDECLARED_SELECTOR = YES;
				GCC_WARN_UNINITIALIZED_AUTOS = YES_AGGRESSIVE;
				GCC_WARN_UNUSED_FUNCTION = YES;
				GCC_WARN_UNUSED_VARIABLE = YES;
				IPHONEOS_DEPLOYMENT_TARGET = 11.2;
				MTL_ENABLE_DEBUG_INFO = NO;
				SDKROOT = iphoneos;
				SWIFT_OPTIMIZATION_LEVEL = "-Owholemodule";
				VALIDATE_PRODUCT = YES;
			};
			name = Release;
		};
		D98506BA204A822000E829F4 /* Debug */ = {
			isa = XCBuildConfiguration;
			baseConfigurationReference = F7B5C4690C9F9D3983CBAABD /* Pods-ReFood.debug.xcconfig */;
			buildSettings = {
				ASSETCATALOG_COMPILER_APPICON_NAME = AppIcon;
				CODE_SIGN_STYLE = Automatic;
				DEVELOPMENT_TEAM = M7566672WY;
				ENABLE_BITCODE = NO;
				FRAMEWORK_SEARCH_PATHS = (
					"$(inherited)",
					"$(PROJECT_DIR)",
				);
				INFOPLIST_FILE = ReFood/Info.plist;
				LD_RUNPATH_SEARCH_PATHS = "$(inherited) @executable_path/Frameworks";
				OTHER_LDFLAGS = (
					"$(inherited)",
					"-framework",
					"\"Alamofire\"",
					"-framework",
					"\"SwiftyJSON\"",
				);
				PRODUCT_BUNDLE_IDENTIFIER = nukistudio.ReFood;
				PRODUCT_NAME = "$(TARGET_NAME)";
				SWIFT_OBJC_BRIDGING_HEADER = "";
				SWIFT_VERSION = 4.0;
				TARGETED_DEVICE_FAMILY = 1;
			};
			name = Debug;
		};
		D98506BB204A822000E829F4 /* Release */ = {
			isa = XCBuildConfiguration;
			baseConfigurationReference = 657C0807E497EF4499440153 /* Pods-ReFood.release.xcconfig */;
			buildSettings = {
				ASSETCATALOG_COMPILER_APPICON_NAME = AppIcon;
				CODE_SIGN_STYLE = Automatic;
				DEVELOPMENT_TEAM = M7566672WY;
				ENABLE_BITCODE = NO;
				FRAMEWORK_SEARCH_PATHS = (
					"$(inherited)",
					"$(PROJECT_DIR)",
				);
				INFOPLIST_FILE = ReFood/Info.plist;
				LD_RUNPATH_SEARCH_PATHS = "$(inherited) @executable_path/Frameworks";
				OTHER_LDFLAGS = (
					"$(inherited)",
					"-framework",
					"\"Alamofire\"",
					"-framework",
					"\"SwiftyJSON\"",
				);
				PRODUCT_BUNDLE_IDENTIFIER = nukistudio.ReFood;
				PRODUCT_NAME = "$(TARGET_NAME)";
				SWIFT_OBJC_BRIDGING_HEADER = "";
				SWIFT_VERSION = 4.0;
				TARGETED_DEVICE_FAMILY = 1;
			};
			name = Release;
		};
/* End XCBuildConfiguration section */

/* Begin XCConfigurationList section */
		D985069F204A822000E829F4 /* Build configuration list for PBXProject "ReFood" */ = {
			isa = XCConfigurationList;
			buildConfigurations = (
				D98506B7204A822000E829F4 /* Debug */,
				D98506B8204A822000E829F4 /* Release */,
			);
			defaultConfigurationIsVisible = 0;
			defaultConfigurationName = Release;
		};
		D98506B9204A822000E829F4 /* Build configuration list for PBXNativeTarget "ReFood" */ = {
			isa = XCConfigurationList;
			buildConfigurations = (
				D98506BA204A822000E829F4 /* Debug */,
				D98506BB204A822000E829F4 /* Release */,
			);
			defaultConfigurationIsVisible = 0;
			defaultConfigurationName = Release;
		};
/* End XCConfigurationList section */

/* Begin XCVersionGroup section */
		D98506AE204A822000E829F4 /* ReFood.xcdatamodeld */ = {
			isa = XCVersionGroup;
			children = (
				D98506AF204A822000E829F4 /* ReFood.xcdatamodel */,
			);
			currentVersion = D98506AF204A822000E829F4 /* ReFood.xcdatamodel */;
			path = ReFood.xcdatamodeld;
			sourceTree = "<group>";
			versionGroupType = wrapper.xcdatamodel;
		};
/* End XCVersionGroup section */
	};
	rootObject = D985069C204A822000E829F4 /* Project object */;
}
